
Microsoft Visual Studio Solution File, Format Version 12.00
# Visual Studio Version 17
VisualStudioVersion = 17.7.34031.279
MinimumVisualStudioVersion = 10.0.40219.1
Project("{FAE04EC0-301F-11D3-BF4B-00C04F79EFBC}") = "l4_practice", "l4_practice\l4_practice.csproj", "{B391AE80-46B2-4406-931E-A312C7443E20}"
EndProject
Global
	GlobalSection(SolutionConfigurationPlatforms) = preSolution
		Debug|Any CPU = Debug|Any CPU
		Release|Any CPU = Release|Any CPU
	EndGlobalSection
	GlobalSection(ProjectConfigurationPlatforms) = postSolution
		{B391AE80-46B2-4406-931E-A312C7443E20}.Debug|Any CPU.ActiveCfg = Debug|Any CPU
		{B391AE80-46B2-4406-931E-A312C7443E20}.Debug|Any CPU.Build.0 = Debug|Any CPU
		{B391AE80-46B2-4406-931E-A312C7443E20}.Release|Any CPU.ActiveCfg = Release|Any CPU
		{B391AE80-46B2-4406-931E-A312C7443E20}.Release|Any CPU.Build.0 = Release|Any CPU
	EndGlobalSection
	GlobalSection(SolutionProperties) = preSolution
		HideSolutionNode = FALSE
	EndGlobalSection
	GlobalSection(ExtensibilityGlobals) = postSolution
		SolutionGuid = {1F66E855-AD8B-4D2E-B0E1-16E3C71A13EE}
	EndGlobalSection
EndGlobal
